
Microsoft Visual Studio Solution File, Format Version 12.00
# Visual Studio 15
VisualStudioVersion = 15.0.26430.14
MinimumVisualStudioVersion = 10.0.40219.1
Project("{FAE04EC0-301F-11D3-BF4B-00C04F79EFBC}") = "HackAtHome.CustomAdapters", "HackAtHome.CustomAdapters\HackAtHome.CustomAdapters.csproj", "{4D918860-059B-4A04-BB92-EFE00E9AE143}"
EndProject
Project("{FAE04EC0-301F-11D3-BF4B-00C04F79EFBC}") = "HackAtHome.Entities", "HackAtHome.Entities\HackAtHome.Entities.csproj", "{5DBE7BCF-7F47-4CEE-B906-97A60BDA9522}"
EndProject
Project("{FAE04EC0-301F-11D3-BF4B-00C04F79EFBC}") = "HackAtHome.SAL", "HackAtHome.SAL\HackAtHome.SAL.csproj", "{24B2711A-9776-4AB1-A4F9-9AB887916BA6}"
EndProject
Project("{FAE04EC0-301F-11D3-BF4B-00C04F79EFBC}") = "HackAtHomeClient", "HackAtHomeClient\HackAtHomeClient.csproj", "{C682560C-1F81-4128-A03D-07F7F5844EB0}"
EndProject
Global
	GlobalSection(SolutionConfigurationPlatforms) = preSolution
		Debug|Any CPU = Debug|Any CPU
		Release|Any CPU = Release|Any CPU
	EndGlobalSection
	GlobalSection(ProjectConfigurationPlatforms) = postSolution
		{4D918860-059B-4A04-BB92-EFE00E9AE143}.Debug|Any CPU.ActiveCfg = Debug|Any CPU
		{4D918860-059B-4A04-BB92-EFE00E9AE143}.Debug|Any CPU.Build.0 = Debug|Any CPU
		{4D918860-059B-4A04-BB92-EFE00E9AE143}.Release|Any CPU.ActiveCfg = Release|Any CPU
		{4D918860-059B-4A04-BB92-EFE00E9AE143}.Release|Any CPU.Build.0 = Release|Any CPU
		{5DBE7BCF-7F47-4CEE-B906-97A60BDA9522}.Debug|Any CPU.ActiveCfg = Debug|Any CPU
		{5DBE7BCF-7F47-4CEE-B906-97A60BDA9522}.Debug|Any CPU.Build.0 = Debug|Any CPU
		{5DBE7BCF-7F47-4CEE-B906-97A60BDA9522}.Release|Any CPU.ActiveCfg = Release|Any CPU
		{5DBE7BCF-7F47-4CEE-B906-97A60BDA9522}.Release|Any CPU.Build.0 = Release|Any CPU
		{24B2711A-9776-4AB1-A4F9-9AB887916BA6}.Debug|Any CPU.ActiveCfg = Debug|Any CPU
		{24B2711A-9776-4AB1-A4F9-9AB887916BA6}.Debug|Any CPU.Build.0 = Debug|Any CPU
		{24B2711A-9776-4AB1-A4F9-9AB887916BA6}.Release|Any CPU.ActiveCfg = Release|Any CPU
		{24B2711A-9776-4AB1-A4F9-9AB887916BA6}.Release|Any CPU.Build.0 = Release|Any CPU
		{C682560C-1F81-4128-A03D-07F7F5844EB0}.Debug|Any CPU.ActiveCfg = Debug|Any CPU
		{C682560C-1F81-4128-A03D-07F7F5844EB0}.Debug|Any CPU.Build.0 = Debug|Any CPU
		{C682560C-1F81-4128-A03D-07F7F5844EB0}.Debug|Any CPU.Deploy.0 = Debug|Any CPU
		{C682560C-1F81-4128-A03D-07F7F5844EB0}.Release|Any CPU.ActiveCfg = Release|Any CPU
		{C682560C-1F81-4128-A03D-07F7F5844EB0}.Release|Any CPU.Build.0 = Release|Any CPU
		{C682560C-1F81-4128-A03D-07F7F5844EB0}.Release|Any CPU.Deploy.0 = Release|Any CPU
	EndGlobalSection
	GlobalSection(SolutionProperties) = preSolution
		HideSolutionNode = FALSE
	EndGlobalSection
EndGlobal
