
Microsoft Visual Studio Solution File, Format Version 12.00
# Visual Studio 15
VisualStudioVersion = 15.0.26430.6
MinimumVisualStudioVersion = 10.0.40219.1
Project("{FAE04EC0-301F-11D3-BF4B-00C04F79EFBC}") = "PCLProyect", "PCLProyect\PCLProyect.csproj", "{74749E61-0401-48E5-A628-A52BF4453BE1}"
EndProject
Project("{FAE04EC0-301F-11D3-BF4B-00C04F79EFBC}") = "AndroidApp", "AndroidApp\AndroidApp.csproj", "{BD687057-C473-43EA-B4A9-94DD364EE884}"
EndProject
Project("{FAE04EC0-301F-11D3-BF4B-00C04F79EFBC}") = "UWPApp", "UWPApp\UWPApp.csproj", "{ABBE89C1-F34A-4AED-BBC9-E0944E15629D}"
EndProject
Global
	GlobalSection(SolutionConfigurationPlatforms) = preSolution
		Debug|Any CPU = Debug|Any CPU
		Debug|ARM = Debug|ARM
		Debug|x64 = Debug|x64
		Debug|x86 = Debug|x86
		Release|Any CPU = Release|Any CPU
		Release|ARM = Release|ARM
		Release|x64 = Release|x64
		Release|x86 = Release|x86
	EndGlobalSection
	GlobalSection(ProjectConfigurationPlatforms) = postSolution
		{74749E61-0401-48E5-A628-A52BF4453BE1}.Debug|Any CPU.ActiveCfg = Debug|Any CPU
		{74749E61-0401-48E5-A628-A52BF4453BE1}.Debug|Any CPU.Build.0 = Debug|Any CPU
		{74749E61-0401-48E5-A628-A52BF4453BE1}.Debug|ARM.ActiveCfg = Debug|Any CPU
		{74749E61-0401-48E5-A628-A52BF4453BE1}.Debug|ARM.Build.0 = Debug|Any CPU
		{74749E61-0401-48E5-A628-A52BF4453BE1}.Debug|x64.ActiveCfg = Debug|Any CPU
		{74749E61-0401-48E5-A628-A52BF4453BE1}.Debug|x64.Build.0 = Debug|Any CPU
		{74749E61-0401-48E5-A628-A52BF4453BE1}.Debug|x86.ActiveCfg = Debug|Any CPU
		{74749E61-0401-48E5-A628-A52BF4453BE1}.Debug|x86.Build.0 = Debug|Any CPU
		{74749E61-0401-48E5-A628-A52BF4453BE1}.Release|Any CPU.ActiveCfg = Release|Any CPU
		{74749E61-0401-48E5-A628-A52BF4453BE1}.Release|Any CPU.Build.0 = Release|Any CPU
		{74749E61-0401-48E5-A628-A52BF4453BE1}.Release|ARM.ActiveCfg = Release|Any CPU
		{74749E61-0401-48E5-A628-A52BF4453BE1}.Release|ARM.Build.0 = Release|Any CPU
		{74749E61-0401-48E5-A628-A52BF4453BE1}.Release|x64.ActiveCfg = Release|Any CPU
		{74749E61-0401-48E5-A628-A52BF4453BE1}.Release|x64.Build.0 = Release|Any CPU
		{74749E61-0401-48E5-A628-A52BF4453BE1}.Release|x86.ActiveCfg = Release|Any CPU
		{74749E61-0401-48E5-A628-A52BF4453BE1}.Release|x86.Build.0 = Release|Any CPU
		{BD687057-C473-43EA-B4A9-94DD364EE884}.Debug|Any CPU.ActiveCfg = Debug|Any CPU
		{BD687057-C473-43EA-B4A9-94DD364EE884}.Debug|Any CPU.Build.0 = Debug|Any CPU
		{BD687057-C473-43EA-B4A9-94DD364EE884}.Debug|Any CPU.Deploy.0 = Debug|Any CPU
		{BD687057-C473-43EA-B4A9-94DD364EE884}.Debug|ARM.ActiveCfg = Debug|Any CPU
		{BD687057-C473-43EA-B4A9-94DD364EE884}.Debug|ARM.Build.0 = Debug|Any CPU
		{BD687057-C473-43EA-B4A9-94DD364EE884}.Debug|ARM.Deploy.0 = Debug|Any CPU
		{BD687057-C473-43EA-B4A9-94DD364EE884}.Debug|x64.ActiveCfg = Debug|Any CPU
		{BD687057-C473-43EA-B4A9-94DD364EE884}.Debug|x64.Build.0 = Debug|Any CPU
		{BD687057-C473-43EA-B4A9-94DD364EE884}.Debug|x64.Deploy.0 = Debug|Any CPU
		{BD687057-C473-43EA-B4A9-94DD364EE884}.Debug|x86.ActiveCfg = Debug|Any CPU
		{BD687057-C473-43EA-B4A9-94DD364EE884}.Debug|x86.Build.0 = Debug|Any CPU
		{BD687057-C473-43EA-B4A9-94DD364EE884}.Debug|x86.Deploy.0 = Debug|Any CPU
		{BD687057-C473-43EA-B4A9-94DD364EE884}.Release|Any CPU.ActiveCfg = Release|Any CPU
		{BD687057-C473-43EA-B4A9-94DD364EE884}.Release|Any CPU.Build.0 = Release|Any CPU
		{BD687057-C473-43EA-B4A9-94DD364EE884}.Release|Any CPU.Deploy.0 = Release|Any CPU
		{BD687057-C473-43EA-B4A9-94DD364EE884}.Release|ARM.ActiveCfg = Release|Any CPU
		{BD687057-C473-43EA-B4A9-94DD364EE884}.Release|ARM.Build.0 = Release|Any CPU
		{BD687057-C473-43EA-B4A9-94DD364EE884}.Release|ARM.Deploy.0 = Release|Any CPU
		{BD687057-C473-43EA-B4A9-94DD364EE884}.Release|x64.ActiveCfg = Release|Any CPU
		{BD687057-C473-43EA-B4A9-94DD364EE884}.Release|x64.Build.0 = Release|Any CPU
		{BD687057-C473-43EA-B4A9-94DD364EE884}.Release|x64.Deploy.0 = Release|Any CPU
		{BD687057-C473-43EA-B4A9-94DD364EE884}.Release|x86.ActiveCfg = Release|Any CPU
		{BD687057-C473-43EA-B4A9-94DD364EE884}.Release|x86.Build.0 = Release|Any CPU
		{BD687057-C473-43EA-B4A9-94DD364EE884}.Release|x86.Deploy.0 = Release|Any CPU
		{ABBE89C1-F34A-4AED-BBC9-E0944E15629D}.Debug|Any CPU.ActiveCfg = Debug|x86
		{ABBE89C1-F34A-4AED-BBC9-E0944E15629D}.Debug|ARM.ActiveCfg = Debug|ARM
		{ABBE89C1-F34A-4AED-BBC9-E0944E15629D}.Debug|ARM.Build.0 = Debug|ARM
		{ABBE89C1-F34A-4AED-BBC9-E0944E15629D}.Debug|ARM.Deploy.0 = Debug|ARM
		{ABBE89C1-F34A-4AED-BBC9-E0944E15629D}.Debug|x64.ActiveCfg = Debug|x64
		{ABBE89C1-F34A-4AED-BBC9-E0944E15629D}.Debug|x64.Build.0 = Debug|x64
		{ABBE89C1-F34A-4AED-BBC9-E0944E15629D}.Debug|x64.Deploy.0 = Debug|x64
		{ABBE89C1-F34A-4AED-BBC9-E0944E15629D}.Debug|x86.ActiveCfg = Debug|x86
		{ABBE89C1-F34A-4AED-BBC9-E0944E15629D}.Debug|x86.Build.0 = Debug|x86
		{ABBE89C1-F34A-4AED-BBC9-E0944E15629D}.Debug|x86.Deploy.0 = Debug|x86
		{ABBE89C1-F34A-4AED-BBC9-E0944E15629D}.Release|Any CPU.ActiveCfg = Release|x86
		{ABBE89C1-F34A-4AED-BBC9-E0944E15629D}.Release|ARM.ActiveCfg = Release|ARM
		{ABBE89C1-F34A-4AED-BBC9-E0944E15629D}.Release|ARM.Build.0 = Release|ARM
		{ABBE89C1-F34A-4AED-BBC9-E0944E15629D}.Release|ARM.Deploy.0 = Release|ARM
		{ABBE89C1-F34A-4AED-BBC9-E0944E15629D}.Release|x64.ActiveCfg = Release|x64
		{ABBE89C1-F34A-4AED-BBC9-E0944E15629D}.Release|x64.Build.0 = Release|x64
		{ABBE89C1-F34A-4AED-BBC9-E0944E15629D}.Release|x64.Deploy.0 = Release|x64
		{ABBE89C1-F34A-4AED-BBC9-E0944E15629D}.Release|x86.ActiveCfg = Release|x86
		{ABBE89C1-F34A-4AED-BBC9-E0944E15629D}.Release|x86.Build.0 = Release|x86
		{ABBE89C1-F34A-4AED-BBC9-E0944E15629D}.Release|x86.Deploy.0 = Release|x86
	EndGlobalSection
	GlobalSection(SolutionProperties) = preSolution
		HideSolutionNode = FALSE
	EndGlobalSection
EndGlobal
